
Microsoft Visual Studio Solution File, Format Version 12.00
# Visual Studio Version 17
VisualStudioVersion = 17.8.34309.116
MinimumVisualStudioVersion = 10.0.40219.1
Project("{FAE04EC0-301F-11D3-BF4B-00C04F79EFBC}") = "BasicSkills", "BasicSkills\BasicSkills.csproj", "{3B098F22-DE4C-4B80-A41D-446882DF1815}"
EndProject
Global
	GlobalSection(SolutionConfigurationPlatforms) = preSolution
		Debug|Any CPU = Debug|Any CPU
		Release|Any CPU = Release|Any CPU
	EndGlobalSection
	GlobalSection(ProjectConfigurationPlatforms) = postSolution
		{3B098F22-DE4C-4B80-A41D-446882DF1815}.Debug|Any CPU.ActiveCfg = Debug|Any CPU
		{3B098F22-DE4C-4B80-A41D-446882DF1815}.Debug|Any CPU.Build.0 = Debug|Any CPU
		{3B098F22-DE4C-4B80-A41D-446882DF1815}.Release|Any CPU.ActiveCfg = Release|Any CPU
		{3B098F22-DE4C-4B80-A41D-446882DF1815}.Release|Any CPU.Build.0 = Release|Any CPU
	EndGlobalSection
	GlobalSection(SolutionProperties) = preSolution
		HideSolutionNode = FALSE
	EndGlobalSection
	GlobalSection(ExtensibilityGlobals) = postSolution
		SolutionGuid = {DE7F0CB7-827E-4C66-8D70-4F860B8BC465}
	EndGlobalSection
EndGlobal
